
Microsoft Visual Studio Solution File, Format Version 12.00
# Visual Studio Version 17
VisualStudioVersion = 17.11.35222.181
MinimumVisualStudioVersion = 10.0.40219.1
Project("{FAE04EC0-301F-11D3-BF4B-00C04F79EFBC}") = "HotelManagement", "HotelManagement\HotelManagement.csproj", "{5E2B44B2-7FE5-4311-A9AB-B708DC7F3A62}"
EndProject
Project("{FAE04EC0-301F-11D3-BF4B-00C04F79EFBC}") = "HotelManagement.DAL", "HotelManagement.DAL\HotelManagement.DAL.csproj", "{ECAB476C-4496-4DF9-9A3E-D789CC45285A}"
EndProject
Project("{FAE04EC0-301F-11D3-BF4B-00C04F79EFBC}") = "HotelManagement.BLL", "HotelManagement.BLL\HotelManagement.BLL.csproj", "{7AFFC585-57FB-4A3D-B049-F697453BF0E6}"
EndProject
Global
	GlobalSection(SolutionConfigurationPlatforms) = preSolution
		Debug|Any CPU = Debug|Any CPU
		Release|Any CPU = Release|Any CPU
	EndGlobalSection
	GlobalSection(ProjectConfigurationPlatforms) = postSolution
		{5E2B44B2-7FE5-4311-A9AB-B708DC7F3A62}.Debug|Any CPU.ActiveCfg = Debug|Any CPU
		{5E2B44B2-7FE5-4311-A9AB-B708DC7F3A62}.Debug|Any CPU.Build.0 = Debug|Any CPU
		{5E2B44B2-7FE5-4311-A9AB-B708DC7F3A62}.Release|Any CPU.ActiveCfg = Release|Any CPU
		{5E2B44B2-7FE5-4311-A9AB-B708DC7F3A62}.Release|Any CPU.Build.0 = Release|Any CPU
		{ECAB476C-4496-4DF9-9A3E-D789CC45285A}.Debug|Any CPU.ActiveCfg = Debug|Any CPU
		{ECAB476C-4496-4DF9-9A3E-D789CC45285A}.Debug|Any CPU.Build.0 = Debug|Any CPU
		{ECAB476C-4496-4DF9-9A3E-D789CC45285A}.Release|Any CPU.ActiveCfg = Release|Any CPU
		{ECAB476C-4496-4DF9-9A3E-D789CC45285A}.Release|Any CPU.Build.0 = Release|Any CPU
		{7AFFC585-57FB-4A3D-B049-F697453BF0E6}.Debug|Any CPU.ActiveCfg = Debug|Any CPU
		{7AFFC585-57FB-4A3D-B049-F697453BF0E6}.Debug|Any CPU.Build.0 = Debug|Any CPU
		{7AFFC585-57FB-4A3D-B049-F697453BF0E6}.Release|Any CPU.ActiveCfg = Release|Any CPU
		{7AFFC585-57FB-4A3D-B049-F697453BF0E6}.Release|Any CPU.Build.0 = Release|Any CPU
	EndGlobalSection
	GlobalSection(SolutionProperties) = preSolution
		HideSolutionNode = FALSE
	EndGlobalSection
	GlobalSection(ExtensibilityGlobals) = postSolution
		SolutionGuid = {D393A74B-9876-476F-BC67-FC047FC640EA}
	EndGlobalSection
EndGlobal
